
Microsoft Visual Studio Solution File, Format Version 12.00
# Visual Studio Version 16
VisualStudioVersion = 16.0.29503.13
MinimumVisualStudioVersion = 10.0.40219.1
Project("{FAE04EC0-301F-11D3-BF4B-00C04F79EFBC}") = "FileComparisonTool", "FileComparisonTool.csproj", "{FEDA756E-4D0D-4A95-83B6-DE3F164C0A71}"
EndProject
Global
	GlobalSection(SolutionConfigurationPlatforms) = preSolution
		Debug|Any CPU = Debug|Any CPU
		Release|Any CPU = Release|Any CPU
	EndGlobalSection
	GlobalSection(ProjectConfigurationPlatforms) = postSolution
		{FEDA756E-4D0D-4A95-83B6-DE3F164C0A71}.Debug|Any CPU.ActiveCfg = Debug|Any CPU
		{FEDA756E-4D0D-4A95-83B6-DE3F164C0A71}.Debug|Any CPU.Build.0 = Debug|Any CPU
		{FEDA756E-4D0D-4A95-83B6-DE3F164C0A71}.Release|Any CPU.ActiveCfg = Release|Any CPU
		{FEDA756E-4D0D-4A95-83B6-DE3F164C0A71}.Release|Any CPU.Build.0 = Release|Any CPU
	EndGlobalSection
	GlobalSection(SolutionProperties) = preSolution
		HideSolutionNode = FALSE
	EndGlobalSection
	GlobalSection(ExtensibilityGlobals) = postSolution
		SolutionGuid = {E2CB842B-7BE8-4FE4-9327-1CC238ABDA90}
	EndGlobalSection
EndGlobal
